
Microsoft Visual Studio Solution File, Format Version 12.00
# Visual Studio Version 17
VisualStudioVersion = 17.9.34728.123
MinimumVisualStudioVersion = 10.0.40219.1
Project("{8BC9CEB8-8B4A-11D0-8D11-00A0C91BC942}") = "RawInput", "RawInput\RawInput.vcxproj", "{85B88AE4-C551-4428-9154-DE585E58A7E0}"
EndProject
Project("{8BC9CEB8-8B4A-11D0-8D11-00A0C91BC942}") = "DirectInput", "DirectInput\DirectInput.vcxproj", "{C5645C80-1311-48AB-A901-F03E71B33433}"
EndProject
Project("{8BC9CEB8-8B4A-11D0-8D11-00A0C91BC942}") = "XInput", "XInput\XInput.vcxproj", "{7D636074-4EC4-4E52-BD2B-4998BF848700}"
EndProject
Project("{8BC9CEB8-8B4A-11D0-8D11-00A0C91BC942}") = "Combined", "Combined\Combined.vcxproj", "{A039FF93-42C9-48BF-AC5E-E0990034C053}"
EndProject
Project("{8BC9CEB8-8B4A-11D0-8D11-00A0C91BC942}") = "Multimedia", "Multimedia\Multimedia.vcxproj", "{1F14D07C-AC3D-4390-96D8-9E9519CD8EC5}"
EndProject
Project("{8BC9CEB8-8B4A-11D0-8D11-00A0C91BC942}") = "RawInputBuffered", "RawInputBuffered\RawInputBuffered.vcxproj", "{5C255440-FDC8-4FCA-A12A-1487DF81FCA3}"
EndProject
Project("{8BC9CEB8-8B4A-11D0-8D11-00A0C91BC942}") = "Specialized", "Specialized\Specialized.vcxproj", "{8684D3A3-2520-4E8B-A02E-4A346D0258C6}"
EndProject
Project("{8BC9CEB8-8B4A-11D0-8D11-00A0C91BC942}") = "WinRT", "winrt\winrt.vcxproj", "{B2825265-1735-4B2F-B168-F202B7EE02F2}"
EndProject
Project("{8BC9CEB8-8B4A-11D0-8D11-00A0C91BC942}") = "Config", "Config\Config.vcxproj", "{BB9F3406-D9C6-408D-AE80-04B173E664CE}"
EndProject
Project("{8BC9CEB8-8B4A-11D0-8D11-00A0C91BC942}") = "GameInput", "GameInput\GameInput.vcxproj", "{CC4C4A2F-34D8-4367-B1C0-D33256381AC2}"
EndProject
Global
	GlobalSection(SolutionConfigurationPlatforms) = preSolution
		Debug|x64 = Debug|x64
		Debug|x86 = Debug|x86
		Release|x64 = Release|x64
		Release|x86 = Release|x86
	EndGlobalSection
	GlobalSection(ProjectConfigurationPlatforms) = postSolution
		{85B88AE4-C551-4428-9154-DE585E58A7E0}.Debug|x64.ActiveCfg = Debug|x64
		{85B88AE4-C551-4428-9154-DE585E58A7E0}.Debug|x64.Build.0 = Debug|x64
		{85B88AE4-C551-4428-9154-DE585E58A7E0}.Debug|x86.ActiveCfg = Debug|Win32
		{85B88AE4-C551-4428-9154-DE585E58A7E0}.Debug|x86.Build.0 = Debug|Win32
		{85B88AE4-C551-4428-9154-DE585E58A7E0}.Release|x64.ActiveCfg = Release|x64
		{85B88AE4-C551-4428-9154-DE585E58A7E0}.Release|x64.Build.0 = Release|x64
		{85B88AE4-C551-4428-9154-DE585E58A7E0}.Release|x86.ActiveCfg = Release|Win32
		{85B88AE4-C551-4428-9154-DE585E58A7E0}.Release|x86.Build.0 = Release|Win32
		{C5645C80-1311-48AB-A901-F03E71B33433}.Debug|x64.ActiveCfg = Debug|x64
		{C5645C80-1311-48AB-A901-F03E71B33433}.Debug|x64.Build.0 = Debug|x64
		{C5645C80-1311-48AB-A901-F03E71B33433}.Debug|x86.ActiveCfg = Debug|Win32
		{C5645C80-1311-48AB-A901-F03E71B33433}.Debug|x86.Build.0 = Debug|Win32
		{C5645C80-1311-48AB-A901-F03E71B33433}.Release|x64.ActiveCfg = Release|x64
		{C5645C80-1311-48AB-A901-F03E71B33433}.Release|x64.Build.0 = Release|x64
		{C5645C80-1311-48AB-A901-F03E71B33433}.Release|x86.ActiveCfg = Release|Win32
		{C5645C80-1311-48AB-A901-F03E71B33433}.Release|x86.Build.0 = Release|Win32
		{7D636074-4EC4-4E52-BD2B-4998BF848700}.Debug|x64.ActiveCfg = Debug|x64
		{7D636074-4EC4-4E52-BD2B-4998BF848700}.Debug|x64.Build.0 = Debug|x64
		{7D636074-4EC4-4E52-BD2B-4998BF848700}.Debug|x86.ActiveCfg = Debug|Win32
		{7D636074-4EC4-4E52-BD2B-4998BF848700}.Debug|x86.Build.0 = Debug|Win32
		{7D636074-4EC4-4E52-BD2B-4998BF848700}.Release|x64.ActiveCfg = Release|x64
		{7D636074-4EC4-4E52-BD2B-4998BF848700}.Release|x64.Build.0 = Release|x64
		{7D636074-4EC4-4E52-BD2B-4998BF848700}.Release|x86.ActiveCfg = Release|Win32
		{7D636074-4EC4-4E52-BD2B-4998BF848700}.Release|x86.Build.0 = Release|Win32
		{A039FF93-42C9-48BF-AC5E-E0990034C053}.Debug|x64.ActiveCfg = Debug|x64
		{A039FF93-42C9-48BF-AC5E-E0990034C053}.Debug|x64.Build.0 = Debug|x64
		{A039FF93-42C9-48BF-AC5E-E0990034C053}.Debug|x86.ActiveCfg = Debug|Win32
		{A039FF93-42C9-48BF-AC5E-E0990034C053}.Debug|x86.Build.0 = Debug|Win32
		{A039FF93-42C9-48BF-AC5E-E0990034C053}.Release|x64.ActiveCfg = Release|x64
		{A039FF93-42C9-48BF-AC5E-E0990034C053}.Release|x64.Build.0 = Release|x64
		{A039FF93-42C9-48BF-AC5E-E0990034C053}.Release|x86.ActiveCfg = Release|Win32
		{A039FF93-42C9-48BF-AC5E-E0990034C053}.Release|x86.Build.0 = Release|Win32
		{1F14D07C-AC3D-4390-96D8-9E9519CD8EC5}.Debug|x64.ActiveCfg = Debug|x64
		{1F14D07C-AC3D-4390-96D8-9E9519CD8EC5}.Debug|x64.Build.0 = Debug|x64
		{1F14D07C-AC3D-4390-96D8-9E9519CD8EC5}.Debug|x86.ActiveCfg = Debug|Win32
		{1F14D07C-AC3D-4390-96D8-9E9519CD8EC5}.Debug|x86.Build.0 = Debug|Win32
		{1F14D07C-AC3D-4390-96D8-9E9519CD8EC5}.Release|x64.ActiveCfg = Release|x64
		{1F14D07C-AC3D-4390-96D8-9E9519CD8EC5}.Release|x64.Build.0 = Release|x64
		{1F14D07C-AC3D-4390-96D8-9E9519CD8EC5}.Release|x86.ActiveCfg = Release|Win32
		{1F14D07C-AC3D-4390-96D8-9E9519CD8EC5}.Release|x86.Build.0 = Release|Win32
		{5C255440-FDC8-4FCA-A12A-1487DF81FCA3}.Debug|x64.ActiveCfg = Debug|x64
		{5C255440-FDC8-4FCA-A12A-1487DF81FCA3}.Debug|x64.Build.0 = Debug|x64
		{5C255440-FDC8-4FCA-A12A-1487DF81FCA3}.Debug|x86.ActiveCfg = Debug|Win32
		{5C255440-FDC8-4FCA-A12A-1487DF81FCA3}.Debug|x86.Build.0 = Debug|Win32
		{5C255440-FDC8-4FCA-A12A-1487DF81FCA3}.Release|x64.ActiveCfg = Release|x64
		{5C255440-FDC8-4FCA-A12A-1487DF81FCA3}.Release|x64.Build.0 = Release|x64
		{5C255440-FDC8-4FCA-A12A-1487DF81FCA3}.Release|x86.ActiveCfg = Release|Win32
		{5C255440-FDC8-4FCA-A12A-1487DF81FCA3}.Release|x86.Build.0 = Release|Win32
		{8684D3A3-2520-4E8B-A02E-4A346D0258C6}.Debug|x64.ActiveCfg = Debug|x64
		{8684D3A3-2520-4E8B-A02E-4A346D0258C6}.Debug|x64.Build.0 = Debug|x64
		{8684D3A3-2520-4E8B-A02E-4A346D0258C6}.Debug|x86.ActiveCfg = Debug|Win32
		{8684D3A3-2520-4E8B-A02E-4A346D0258C6}.Debug|x86.Build.0 = Debug|Win32
		{8684D3A3-2520-4E8B-A02E-4A346D0258C6}.Release|x64.ActiveCfg = Release|x64
		{8684D3A3-2520-4E8B-A02E-4A346D0258C6}.Release|x64.Build.0 = Release|x64
		{8684D3A3-2520-4E8B-A02E-4A346D0258C6}.Release|x86.ActiveCfg = Release|Win32
		{8684D3A3-2520-4E8B-A02E-4A346D0258C6}.Release|x86.Build.0 = Release|Win32
		{B2825265-1735-4B2F-B168-F202B7EE02F2}.Debug|x64.ActiveCfg = Debug|x64
		{B2825265-1735-4B2F-B168-F202B7EE02F2}.Debug|x64.Build.0 = Debug|x64
		{B2825265-1735-4B2F-B168-F202B7EE02F2}.Debug|x86.ActiveCfg = Debug|Win32
		{B2825265-1735-4B2F-B168-F202B7EE02F2}.Debug|x86.Build.0 = Debug|Win32
		{B2825265-1735-4B2F-B168-F202B7EE02F2}.Release|x64.ActiveCfg = Release|x64
		{B2825265-1735-4B2F-B168-F202B7EE02F2}.Release|x64.Build.0 = Release|x64
		{B2825265-1735-4B2F-B168-F202B7EE02F2}.Release|x86.ActiveCfg = Release|Win32
		{B2825265-1735-4B2F-B168-F202B7EE02F2}.Release|x86.Build.0 = Release|Win32
		{BB9F3406-D9C6-408D-AE80-04B173E664CE}.Debug|x64.ActiveCfg = Debug|x64
		{BB9F3406-D9C6-408D-AE80-04B173E664CE}.Debug|x64.Build.0 = Debug|x64
		{BB9F3406-D9C6-408D-AE80-04B173E664CE}.Debug|x86.ActiveCfg = Debug|Win32
		{BB9F3406-D9C6-408D-AE80-04B173E664CE}.Debug|x86.Build.0 = Debug|Win32
		{BB9F3406-D9C6-408D-AE80-04B173E664CE}.Release|x64.ActiveCfg = Release|x64
		{BB9F3406-D9C6-408D-AE80-04B173E664CE}.Release|x64.Build.0 = Release|x64
		{BB9F3406-D9C6-408D-AE80-04B173E664CE}.Release|x86.ActiveCfg = Release|Win32
		{BB9F3406-D9C6-408D-AE80-04B173E664CE}.Release|x86.Build.0 = Release|Win32
		{CC4C4A2F-34D8-4367-B1C0-D33256381AC2}.Debug|x64.ActiveCfg = Debug|x64
		{CC4C4A2F-34D8-4367-B1C0-D33256381AC2}.Debug|x64.Build.0 = Debug|x64
		{CC4C4A2F-34D8-4367-B1C0-D33256381AC2}.Debug|x86.ActiveCfg = Debug|Win32
		{CC4C4A2F-34D8-4367-B1C0-D33256381AC2}.Debug|x86.Build.0 = Debug|Win32
		{CC4C4A2F-34D8-4367-B1C0-D33256381AC2}.Release|x64.ActiveCfg = Release|x64
		{CC4C4A2F-34D8-4367-B1C0-D33256381AC2}.Release|x64.Build.0 = Release|x64
		{CC4C4A2F-34D8-4367-B1C0-D33256381AC2}.Release|x86.ActiveCfg = Release|Win32
		{CC4C4A2F-34D8-4367-B1C0-D33256381AC2}.Release|x86.Build.0 = Release|Win32
	EndGlobalSection
	GlobalSection(SolutionProperties) = preSolution
		HideSolutionNode = FALSE
	EndGlobalSection
	GlobalSection(ExtensibilityGlobals) = postSolution
		SolutionGuid = {41890A69-3CBF-4328-8661-BD5486204ED5}
	EndGlobalSection
EndGlobal
